
Microsoft Visual Studio Solution File, Format Version 12.00
# Visual Studio Version 16
VisualStudioVersion = 16.0.30907.101
MinimumVisualStudioVersion = 10.0.40219.1
Project("{FAE04EC0-301F-11D3-BF4B-00C04F79EFBC}") = "graphicsToolset", "graphicsToolset\graphicsToolset.csproj", "{91687766-33C1-4B07-BF79-EE9799B28FD3}"
EndProject
Global
	GlobalSection(SolutionConfigurationPlatforms) = preSolution
		Debug|Any CPU = Debug|Any CPU
		Release|Any CPU = Release|Any CPU
	EndGlobalSection
	GlobalSection(ProjectConfigurationPlatforms) = postSolution
		{91687766-33C1-4B07-BF79-EE9799B28FD3}.Debug|Any CPU.ActiveCfg = Debug|Any CPU
		{91687766-33C1-4B07-BF79-EE9799B28FD3}.Debug|Any CPU.Build.0 = Debug|Any CPU
		{91687766-33C1-4B07-BF79-EE9799B28FD3}.Release|Any CPU.ActiveCfg = Release|Any CPU
		{91687766-33C1-4B07-BF79-EE9799B28FD3}.Release|Any CPU.Build.0 = Release|Any CPU
	EndGlobalSection
	GlobalSection(SolutionProperties) = preSolution
		HideSolutionNode = FALSE
	EndGlobalSection
	GlobalSection(ExtensibilityGlobals) = postSolution
		SolutionGuid = {5F2CBDC7-2B56-406B-9395-37A420645B87}
	EndGlobalSection
EndGlobal
